
Microsoft Visual Studio Solution File, Format Version 12.00
# Visual Studio Version 17
VisualStudioVersion = 17.4.33103.184
MinimumVisualStudioVersion = 10.0.40219.1
Project("{9A19103F-16F7-4668-BE54-9A1E7A4F7556}") = "LinebotPoc.Server", "LinebotPoc\Server\LinebotPoc.Server.csproj", "{305ADBB5-C4D0-4E36-BBE4-5DAAA43172F9}"
EndProject
Project("{9A19103F-16F7-4668-BE54-9A1E7A4F7556}") = "LinebotPoc.Client", "LinebotPoc\Client\LinebotPoc.Client.csproj", "{97AF38A8-741D-46D2-A3F8-04455B9C6729}"
EndProject
Project("{9A19103F-16F7-4668-BE54-9A1E7A4F7556}") = "LinebotPoc.Shared", "LinebotPoc\Shared\LinebotPoc.Shared.csproj", "{B52D4E35-10FA-4179-85C7-E8C3347B0777}"
EndProject
Project("{9A19103F-16F7-4668-BE54-9A1E7A4F7556}") = "LineBotLibrary", "LineBotLibrary\LineBotLibrary.csproj", "{3917C0B4-9D38-48CD-8DEA-4F9A4ECDBD0A}"
EndProject
Global
	GlobalSection(SolutionConfigurationPlatforms) = preSolution
		Debug|Any CPU = Debug|Any CPU
		Release|Any CPU = Release|Any CPU
	EndGlobalSection
	GlobalSection(ProjectConfigurationPlatforms) = postSolution
		{305ADBB5-C4D0-4E36-BBE4-5DAAA43172F9}.Debug|Any CPU.ActiveCfg = Debug|Any CPU
		{305ADBB5-C4D0-4E36-BBE4-5DAAA43172F9}.Debug|Any CPU.Build.0 = Debug|Any CPU
		{305ADBB5-C4D0-4E36-BBE4-5DAAA43172F9}.Release|Any CPU.ActiveCfg = Release|Any CPU
		{305ADBB5-C4D0-4E36-BBE4-5DAAA43172F9}.Release|Any CPU.Build.0 = Release|Any CPU
		{97AF38A8-741D-46D2-A3F8-04455B9C6729}.Debug|Any CPU.ActiveCfg = Debug|Any CPU
		{97AF38A8-741D-46D2-A3F8-04455B9C6729}.Debug|Any CPU.Build.0 = Debug|Any CPU
		{97AF38A8-741D-46D2-A3F8-04455B9C6729}.Release|Any CPU.ActiveCfg = Release|Any CPU
		{97AF38A8-741D-46D2-A3F8-04455B9C6729}.Release|Any CPU.Build.0 = Release|Any CPU
		{B52D4E35-10FA-4179-85C7-E8C3347B0777}.Debug|Any CPU.ActiveCfg = Debug|Any CPU
		{B52D4E35-10FA-4179-85C7-E8C3347B0777}.Debug|Any CPU.Build.0 = Debug|Any CPU
		{B52D4E35-10FA-4179-85C7-E8C3347B0777}.Release|Any CPU.ActiveCfg = Release|Any CPU
		{B52D4E35-10FA-4179-85C7-E8C3347B0777}.Release|Any CPU.Build.0 = Release|Any CPU
		{3917C0B4-9D38-48CD-8DEA-4F9A4ECDBD0A}.Debug|Any CPU.ActiveCfg = Debug|Any CPU
		{3917C0B4-9D38-48CD-8DEA-4F9A4ECDBD0A}.Debug|Any CPU.Build.0 = Debug|Any CPU
		{3917C0B4-9D38-48CD-8DEA-4F9A4ECDBD0A}.Release|Any CPU.ActiveCfg = Release|Any CPU
		{3917C0B4-9D38-48CD-8DEA-4F9A4ECDBD0A}.Release|Any CPU.Build.0 = Release|Any CPU
	EndGlobalSection
	GlobalSection(SolutionProperties) = preSolution
		HideSolutionNode = FALSE
	EndGlobalSection
	GlobalSection(ExtensibilityGlobals) = postSolution
		SolutionGuid = {E42C196B-47FA-4666-A9A5-C23C6F486ADD}
	EndGlobalSection
EndGlobal
